
Microsoft Visual Studio Solution File, Format Version 12.00
# Visual Studio 15
Project("{FAE04EC0-301F-11D3-BF4B-00C04F79EFBC}") = "MonoGame.IDE.VisualStudioForMac", "MonoGame.IDE.VisualStudioForMac.csproj", "{257A2AC3-D912-465D-A02C-4E11F6A43242}"
EndProject
Global
	GlobalSection(SolutionConfigurationPlatforms) = preSolution
		Debug|Any CPU = Debug|Any CPU
		Release|Any CPU = Release|Any CPU
	EndGlobalSection
	GlobalSection(ProjectConfigurationPlatforms) = postSolution
		{257A2AC3-D912-465D-A02C-4E11F6A43242}.Debug|Any CPU.ActiveCfg = Debug|Any CPU
		{257A2AC3-D912-465D-A02C-4E11F6A43242}.Debug|Any CPU.Build.0 = Debug|Any CPU
		{257A2AC3-D912-465D-A02C-4E11F6A43242}.Release|Any CPU.ActiveCfg = Release|Any CPU
		{257A2AC3-D912-465D-A02C-4E11F6A43242}.Release|Any CPU.Build.0 = Release|Any CPU
	EndGlobalSection
EndGlobal
